
Microsoft Visual Studio Solution File, Format Version 12.00
# Visual Studio 2012
Project("{FAE04EC0-301F-11D3-BF4B-00C04F79EFBC}") = "InventorySystem", "InventorySystem\InventorySystem.csproj", "{F14CD493-90B5-4464-9AAB-A98278330D0C}"
EndProject
Global
	GlobalSection(SolutionConfigurationPlatforms) = preSolution
		Debug|Any CPU = Debug|Any CPU
		Release|Any CPU = Release|Any CPU
	EndGlobalSection
	GlobalSection(ProjectConfigurationPlatforms) = postSolution
		{F14CD493-90B5-4464-9AAB-A98278330D0C}.Debug|Any CPU.ActiveCfg = Debug|Any CPU
		{F14CD493-90B5-4464-9AAB-A98278330D0C}.Debug|Any CPU.Build.0 = Debug|Any CPU
		{F14CD493-90B5-4464-9AAB-A98278330D0C}.Release|Any CPU.ActiveCfg = Release|Any CPU
		{F14CD493-90B5-4464-9AAB-A98278330D0C}.Release|Any CPU.Build.0 = Release|Any CPU
	EndGlobalSection
	GlobalSection(MonoDevelopProperties) = preSolution
		StartupItem = InventorySystem\InventorySystem.csproj
	EndGlobalSection
EndGlobal
